
Microsoft Visual Studio Solution File, Format Version 12.00
# Visual Studio Version 16
VisualStudioVersion = 16.0.32228.343
MinimumVisualStudioVersion = 10.0.40219.1
Project("{FAE04EC0-301F-11D3-BF4B-00C04F79EFBC}") = "Functions", "Functions\Functions.csproj", "{9D18D9F7-59A0-4563-ADF2-1E19E591EA98}"
EndProject
Project("{FAE04EC0-301F-11D3-BF4B-00C04F79EFBC}") = "UserNameData", "UserNameData\UserNameData.csproj", "{966350E3-F86C-45DC-B80B-4FFF8B778DBA}"
EndProject
Project("{FAE04EC0-301F-11D3-BF4B-00C04F79EFBC}") = "UserNameDataTask", "UserNameDataTask\UserNameDataTask.csproj", "{99EA7C20-26F5-41AF-B829-5B5B00EC8B55}"
EndProject
Global
	GlobalSection(SolutionConfigurationPlatforms) = preSolution
		Debug|Any CPU = Debug|Any CPU
		Release|Any CPU = Release|Any CPU
	EndGlobalSection
	GlobalSection(ProjectConfigurationPlatforms) = postSolution
		{9D18D9F7-59A0-4563-ADF2-1E19E591EA98}.Debug|Any CPU.ActiveCfg = Debug|Any CPU
		{9D18D9F7-59A0-4563-ADF2-1E19E591EA98}.Debug|Any CPU.Build.0 = Debug|Any CPU
		{9D18D9F7-59A0-4563-ADF2-1E19E591EA98}.Release|Any CPU.ActiveCfg = Release|Any CPU
		{9D18D9F7-59A0-4563-ADF2-1E19E591EA98}.Release|Any CPU.Build.0 = Release|Any CPU
		{966350E3-F86C-45DC-B80B-4FFF8B778DBA}.Debug|Any CPU.ActiveCfg = Debug|Any CPU
		{966350E3-F86C-45DC-B80B-4FFF8B778DBA}.Debug|Any CPU.Build.0 = Debug|Any CPU
		{966350E3-F86C-45DC-B80B-4FFF8B778DBA}.Release|Any CPU.ActiveCfg = Release|Any CPU
		{966350E3-F86C-45DC-B80B-4FFF8B778DBA}.Release|Any CPU.Build.0 = Release|Any CPU
		{99EA7C20-26F5-41AF-B829-5B5B00EC8B55}.Debug|Any CPU.ActiveCfg = Debug|Any CPU
		{99EA7C20-26F5-41AF-B829-5B5B00EC8B55}.Debug|Any CPU.Build.0 = Debug|Any CPU
		{99EA7C20-26F5-41AF-B829-5B5B00EC8B55}.Release|Any CPU.ActiveCfg = Release|Any CPU
		{99EA7C20-26F5-41AF-B829-5B5B00EC8B55}.Release|Any CPU.Build.0 = Release|Any CPU
	EndGlobalSection
	GlobalSection(SolutionProperties) = preSolution
		HideSolutionNode = FALSE
	EndGlobalSection
	GlobalSection(ExtensibilityGlobals) = postSolution
		SolutionGuid = {CB385148-B31F-4793-A63C-1E3DF8B1F2F5}
	EndGlobalSection
EndGlobal
